
Microsoft Visual Studio Solution File, Format Version 12.00
# Visual Studio Version 17
VisualStudioVersion = 17.10.34916.146
MinimumVisualStudioVersion = 10.0.40219.1
Project("{FAE04EC0-301F-11D3-BF4B-00C04F79EFBC}") = "GameZone", "GameZone\GameZone.csproj", "{058F0C67-166E-4C2F-8FC4-157E8FB7CD61}"
EndProject
Global
	GlobalSection(SolutionConfigurationPlatforms) = preSolution
		Debug|Any CPU = Debug|Any CPU
		Release|Any CPU = Release|Any CPU
	EndGlobalSection
	GlobalSection(ProjectConfigurationPlatforms) = postSolution
		{058F0C67-166E-4C2F-8FC4-157E8FB7CD61}.Debug|Any CPU.ActiveCfg = Debug|Any CPU
		{058F0C67-166E-4C2F-8FC4-157E8FB7CD61}.Debug|Any CPU.Build.0 = Debug|Any CPU
		{058F0C67-166E-4C2F-8FC4-157E8FB7CD61}.Release|Any CPU.ActiveCfg = Release|Any CPU
		{058F0C67-166E-4C2F-8FC4-157E8FB7CD61}.Release|Any CPU.Build.0 = Release|Any CPU
	EndGlobalSection
	GlobalSection(SolutionProperties) = preSolution
		HideSolutionNode = FALSE
	EndGlobalSection
	GlobalSection(ExtensibilityGlobals) = postSolution
		SolutionGuid = {4BEE14FA-C1A0-4F39-88A3-69D9F8269450}
	EndGlobalSection
EndGlobal
